{
  "version": 4,
  "terraform_version": "1.12.2",
  "serial": 49,
  "lineage": "fd38ccbf-3832-de99-fbd5-54b3c50e8d3c",
  "outputs": {},
  "resources": [
    {
      "mode": "managed",
      "type": "aws_iam_policy",
      "name": "lambda_policy",
      "provider": "provider[\"registry.terraform.io/hashicorp/aws\"]",
      "instances": [
        {
          "schema_version": 0,
          "attributes": {
            "arn": "arn:aws:iam::917819970045:policy/lambda-s3-access-policy",
            "attachment_count": 2,
            "description": "",
            "id": "arn:aws:iam::917819970045:policy/lambda-s3-access-policy",
            "name": "lambda-s3-access-policy",
            "name_prefix": "",
            "path": "/",
            "policy": "{\"Statement\":[{\"Action\":[\"s3:GetObject\",\"s3:PutObject\"],\"Effect\":\"Allow\",\"Resource\":\"arn:aws:s3:::my-lambda-code-bucket-2025/*\"},{\"Action\":[\"logs:CreateLogGroup\",\"logs:CreateLogStream\",\"logs:PutLogEvents\"],\"Effect\":\"Allow\",\"Resource\":\"*\"}],\"Version\":\"2012-10-17\"}",
            "policy_id": "ANPA5LMSVKH6U2R34352B",
            "tags": {},
            "tags_all": {}
          },
          "sensitive_attributes": [],
          "identity_schema_version": 0,
          "identity": {
            "arn": "arn:aws:iam::917819970045:policy/lambda-s3-access-policy"
          },
          "private": "bnVsbA=="
        }
      ]
    }
  ],
  "check_results": null
}
